
Microsoft Visual Studio Solution File, Format Version 12.00
# Visual Studio Version 17
VisualStudioVersion = 17.7.34031.279
MinimumVisualStudioVersion = 10.0.40219.1
Project("{FAE04EC0-301F-11D3-BF4B-00C04F79EFBC}") = "PM BYPASS", "PM BYPASS\PM BYPASS.csproj", "{97434E4F-8839-4CD9-A5A8-EB2F39708F26}"
EndProject
Global
	GlobalSection(SolutionConfigurationPlatforms) = preSolution
		Debug|Any CPU = Debug|Any CPU
		Release|Any CPU = Release|Any CPU
	EndGlobalSection
	GlobalSection(ProjectConfigurationPlatforms) = postSolution
		{97434E4F-8839-4CD9-A5A8-EB2F39708F26}.Debug|Any CPU.ActiveCfg = Debug|Any CPU
		{97434E4F-8839-4CD9-A5A8-EB2F39708F26}.Debug|Any CPU.Build.0 = Debug|Any CPU
		{97434E4F-8839-4CD9-A5A8-EB2F39708F26}.Release|Any CPU.ActiveCfg = Release|Any CPU
		{97434E4F-8839-4CD9-A5A8-EB2F39708F26}.Release|Any CPU.Build.0 = Release|Any CPU
	EndGlobalSection
	GlobalSection(SolutionProperties) = preSolution
		HideSolutionNode = FALSE
	EndGlobalSection
	GlobalSection(ExtensibilityGlobals) = postSolution
		SolutionGuid = {57D4C173-B43F-41F7-A9C3-9F4EFC31EE3B}
	EndGlobalSection
EndGlobal
